<Solution>
  <Project Path="PackageToolsEditor.csproj" />
  <Project Path="Assembly-CSharp.csproj" />
  <Project Path="AstarPathfindingProject.csproj" />
  <Project Path="FMODUnityEditor.csproj" />
  <Project Path="AstarPathfindingProjectEditor.csproj" />
  <Project Path="FMODUnityResonanceEditor.csproj" />
  <Project Path="FMODUnity.csproj" />
  <Project Path="FMODUnityResonance.csproj" />
</Solution>
